
Microsoft Visual Studio Solution File, Format Version 12.00
# Visual Studio 15
VisualStudioVersion = 15.0.28010.2019
MinimumVisualStudioVersion = 10.0.40219.1
Project("{9A19103F-16F7-4668-BE54-9A1E7A4F7556}") = "What2Watch", "What2Watch.csproj", "{581FC84E-4D9D-4037-9AEE-D86979BF51EE}"
EndProject
Global
	GlobalSection(SolutionConfigurationPlatforms) = preSolution
		Debug|Any CPU = Debug|Any CPU
		Release|Any CPU = Release|Any CPU
	EndGlobalSection
	GlobalSection(ProjectConfigurationPlatforms) = postSolution
		{581FC84E-4D9D-4037-9AEE-D86979BF51EE}.Debug|Any CPU.ActiveCfg = Debug|Any CPU
		{581FC84E-4D9D-4037-9AEE-D86979BF51EE}.Debug|Any CPU.Build.0 = Debug|Any CPU
		{581FC84E-4D9D-4037-9AEE-D86979BF51EE}.Release|Any CPU.ActiveCfg = Release|Any CPU
		{581FC84E-4D9D-4037-9AEE-D86979BF51EE}.Release|Any CPU.Build.0 = Release|Any CPU
	EndGlobalSection
	GlobalSection(SolutionProperties) = preSolution
		HideSolutionNode = FALSE
	EndGlobalSection
	GlobalSection(ExtensibilityGlobals) = postSolution
		SolutionGuid = {3189DC18-C8BB-4787-870F-A4E1E1CDA1E1}
	EndGlobalSection
EndGlobal
